
Microsoft Visual Studio Solution File, Format Version 12.00
# Visual Studio Version 17
VisualStudioVersion = 17.0.31903.59
MinimumVisualStudioVersion = 10.0.40219.1
Project("{FAE04EC0-301F-11D3-BF4B-00C04F79EFBC}") = "PetVolunteer.API", "src\PetVolunteer.API\PetVolunteer.API.csproj", "{8C65FA4A-BBC8-42C4-B2E2-3B75D95B5551}"
EndProject
Project("{FAE04EC0-301F-11D3-BF4B-00C04F79EFBC}") = "PetVolunteer.Infrastructure", "src\PetVolunteer.Infrastructure\PetVolunteer.Infrastructure.csproj", "{143C01A5-5EC9-4F76-97AF-F9537EDA74BC}"
EndProject
Project("{FAE04EC0-301F-11D3-BF4B-00C04F79EFBC}") = "PetVolunteer.Application", "src\PetVolunteer.Application\PetVolunteer.Application.csproj", "{47ACE137-D43A-4D1E-8B6E-5B76505BD5E9}"
EndProject
Project("{FAE04EC0-301F-11D3-BF4B-00C04F79EFBC}") = "PetVolunteer.Domain", "src\PetVolunteer.Domain\PetVolunteer.Domain.csproj", "{9E8243D2-9D2D-467A-A417-9AFDCA72D6DA}"
EndProject
Project("{2150E333-8FDC-42A3-9474-1A3956D46DE8}") = "Solution Items", "Solution Items", "{FF052E50-B2E0-4BD4-85D0-EEDB7266882E}"
	ProjectSection(SolutionItems) = preProject
		docker-compose.yml = docker-compose.yml
	EndProjectSection
EndProject
Project("{2150E333-8FDC-42A3-9474-1A3956D46DE8}") = "tests", "tests", "{2F4E52E5-4C8F-45EE-A168-971D86A47285}"
EndProject
Project("{FAE04EC0-301F-11D3-BF4B-00C04F79EFBC}") = "PetVolunteer.Domain.UnitTests", "..\tests\PetVolunteer.Domain.UnitTests\PetVolunteer.Domain.UnitTests.csproj", "{397B2D52-D2E7-4C9C-ADE6-456CCBF7F41F}"
EndProject
Project("{FAE04EC0-301F-11D3-BF4B-00C04F79EFBC}") = "PetVolunteer.Application.UnitTests", "..\tests\PetVolunteer.Application.UnitTests\PetVolunteer.Application.UnitTests.csproj", "{BD923AC5-DFBB-4E0D-8573-31D086BB857D}"
EndProject
Project("{FAE04EC0-301F-11D3-BF4B-00C04F79EFBC}") = "PetVolunteer.Infrastructure.Authentication", "src\PetVolunteer.Infrastructure.Authentication\PetVolunteer.Infrastructure.Authentication.csproj", "{45E3DEBA-FC18-4EEF-A62A-FDA3803B81F6}"
EndProject
Global
	GlobalSection(SolutionConfigurationPlatforms) = preSolution
		Debug|Any CPU = Debug|Any CPU
		Release|Any CPU = Release|Any CPU
	EndGlobalSection
	GlobalSection(SolutionProperties) = preSolution
		HideSolutionNode = FALSE
	EndGlobalSection
	GlobalSection(ProjectConfigurationPlatforms) = postSolution
		{8C65FA4A-BBC8-42C4-B2E2-3B75D95B5551}.Debug|Any CPU.ActiveCfg = Debug|Any CPU
		{8C65FA4A-BBC8-42C4-B2E2-3B75D95B5551}.Debug|Any CPU.Build.0 = Debug|Any CPU
		{8C65FA4A-BBC8-42C4-B2E2-3B75D95B5551}.Release|Any CPU.ActiveCfg = Release|Any CPU
		{8C65FA4A-BBC8-42C4-B2E2-3B75D95B5551}.Release|Any CPU.Build.0 = Release|Any CPU
		{143C01A5-5EC9-4F76-97AF-F9537EDA74BC}.Debug|Any CPU.ActiveCfg = Debug|Any CPU
		{143C01A5-5EC9-4F76-97AF-F9537EDA74BC}.Debug|Any CPU.Build.0 = Debug|Any CPU
		{143C01A5-5EC9-4F76-97AF-F9537EDA74BC}.Release|Any CPU.ActiveCfg = Release|Any CPU
		{143C01A5-5EC9-4F76-97AF-F9537EDA74BC}.Release|Any CPU.Build.0 = Release|Any CPU
		{47ACE137-D43A-4D1E-8B6E-5B76505BD5E9}.Debug|Any CPU.ActiveCfg = Debug|Any CPU
		{47ACE137-D43A-4D1E-8B6E-5B76505BD5E9}.Debug|Any CPU.Build.0 = Debug|Any CPU
		{47ACE137-D43A-4D1E-8B6E-5B76505BD5E9}.Release|Any CPU.ActiveCfg = Release|Any CPU
		{47ACE137-D43A-4D1E-8B6E-5B76505BD5E9}.Release|Any CPU.Build.0 = Release|Any CPU
		{9E8243D2-9D2D-467A-A417-9AFDCA72D6DA}.Debug|Any CPU.ActiveCfg = Debug|Any CPU
		{9E8243D2-9D2D-467A-A417-9AFDCA72D6DA}.Debug|Any CPU.Build.0 = Debug|Any CPU
		{9E8243D2-9D2D-467A-A417-9AFDCA72D6DA}.Release|Any CPU.ActiveCfg = Release|Any CPU
		{9E8243D2-9D2D-467A-A417-9AFDCA72D6DA}.Release|Any CPU.Build.0 = Release|Any CPU
		{397B2D52-D2E7-4C9C-ADE6-456CCBF7F41F}.Debug|Any CPU.ActiveCfg = Debug|Any CPU
		{397B2D52-D2E7-4C9C-ADE6-456CCBF7F41F}.Debug|Any CPU.Build.0 = Debug|Any CPU
		{397B2D52-D2E7-4C9C-ADE6-456CCBF7F41F}.Release|Any CPU.ActiveCfg = Release|Any CPU
		{397B2D52-D2E7-4C9C-ADE6-456CCBF7F41F}.Release|Any CPU.Build.0 = Release|Any CPU
		{BD923AC5-DFBB-4E0D-8573-31D086BB857D}.Debug|Any CPU.ActiveCfg = Debug|Any CPU
		{BD923AC5-DFBB-4E0D-8573-31D086BB857D}.Debug|Any CPU.Build.0 = Debug|Any CPU
		{BD923AC5-DFBB-4E0D-8573-31D086BB857D}.Release|Any CPU.ActiveCfg = Release|Any CPU
		{BD923AC5-DFBB-4E0D-8573-31D086BB857D}.Release|Any CPU.Build.0 = Release|Any CPU
		{45E3DEBA-FC18-4EEF-A62A-FDA3803B81F6}.Debug|Any CPU.ActiveCfg = Debug|Any CPU
		{45E3DEBA-FC18-4EEF-A62A-FDA3803B81F6}.Debug|Any CPU.Build.0 = Debug|Any CPU
		{45E3DEBA-FC18-4EEF-A62A-FDA3803B81F6}.Release|Any CPU.ActiveCfg = Release|Any CPU
		{45E3DEBA-FC18-4EEF-A62A-FDA3803B81F6}.Release|Any CPU.Build.0 = Release|Any CPU
	EndGlobalSection
	GlobalSection(NestedProjects) = preSolution
		{397B2D52-D2E7-4C9C-ADE6-456CCBF7F41F} = {2F4E52E5-4C8F-45EE-A168-971D86A47285}
		{BD923AC5-DFBB-4E0D-8573-31D086BB857D} = {2F4E52E5-4C8F-45EE-A168-971D86A47285}
	EndGlobalSection
EndGlobal
